
Microsoft Visual Studio Solution File, Format Version 12.00
# Visual Studio Version 17
VisualStudioVersion = 17.8.34511.84
MinimumVisualStudioVersion = 10.0.40219.1
Project("{FAE04EC0-301F-11D3-BF4B-00C04F79EFBC}") = "lb9", "lb9.csproj", "{9FCDB471-9022-4F7E-BD8C-C3EEEBDCA28F}"
EndProject
Global
	GlobalSection(SolutionConfigurationPlatforms) = preSolution
		Debug|Any CPU = Debug|Any CPU
		Release|Any CPU = Release|Any CPU
	EndGlobalSection
	GlobalSection(ProjectConfigurationPlatforms) = postSolution
		{9FCDB471-9022-4F7E-BD8C-C3EEEBDCA28F}.Debug|Any CPU.ActiveCfg = Debug|Any CPU
		{9FCDB471-9022-4F7E-BD8C-C3EEEBDCA28F}.Debug|Any CPU.Build.0 = Debug|Any CPU
		{9FCDB471-9022-4F7E-BD8C-C3EEEBDCA28F}.Release|Any CPU.ActiveCfg = Release|Any CPU
		{9FCDB471-9022-4F7E-BD8C-C3EEEBDCA28F}.Release|Any CPU.Build.0 = Release|Any CPU
	EndGlobalSection
	GlobalSection(SolutionProperties) = preSolution
		HideSolutionNode = FALSE
	EndGlobalSection
	GlobalSection(ExtensibilityGlobals) = postSolution
		SolutionGuid = {302293DB-35C2-486E-834F-90E8D05DB5FA}
	EndGlobalSection
EndGlobal
